%{"certifi": {:hex, :certifi, "0.3.0"},
  "combine": {:hex, :combine, "0.6.0"},
  "connection": {:hex, :connection, "1.0.0-rc.1"},
  "cowboy": {:hex, :cowboy, "1.0.4"},
  "cowlib": {:hex, :cowlib, "1.0.2"},
  "decimal": {:hex, :decimal, "1.1.0"},
  "earmark": {:hex, :earmark, "0.1.19"},
  "ecto": {:hex, :ecto, "1.0.7"},
  "ex_doc": {:git, "https://github.com/elixir-lang/ex_doc.git", "3b185028a71841b926739f840ca3096191b5041f", []},
  "exactor": {:hex, :exactor, "2.2.0"},
  "fs": {:hex, :fs, "0.9.2"},
  "fsm": {:hex, :fsm, "0.2.0"},
  "gproc": {:hex, :gproc, "0.3.1"},
  "hackney": {:hex, :hackney, "1.4.7"},
  "idna": {:hex, :idna, "1.0.2"},
  "mariaex": {:hex, :mariaex, "0.4.3"},
  "mimerl": {:hex, :mimerl, "1.0.2"},
  "mongodb": {:hex, :mongodb, "0.1.0"},
  "mongodb_ecto": {:git, "https://github.com/michalmuskala/mongodb_ecto.git", "32a9836871329cb3bfef19cf7697fffc1c6e315d", []},
  "phoenix": {:hex, :phoenix, "1.0.4"},
  "phoenix_ecto": {:hex, :phoenix_ecto, "1.2.0"},
  "phoenix_html": {:hex, :phoenix_html, "2.2.0"},
  "phoenix_live_reload": {:hex, :phoenix_live_reload, "1.0.1"},
  "plug": {:hex, :plug, "1.0.3"},
  "poison": {:hex, :poison, "1.5.0"},
  "poolboy": {:hex, :poolboy, "1.5.1"},
  "postgrex": {:hex, :postgrex, "0.9.1"},
  "ranch": {:hex, :ranch, "1.2.0"},
  "ssl_verify_hostname": {:hex, :ssl_verify_hostname, "1.0.5"},
  "timex": {:git, "https://github.com/bitwalker/timex.git", "b7994ee40da2e5a45958934d301a474effef145b", []},
  "tzdata": {:hex, :tzdata, "0.5.5"}}
